
Microsoft Visual Studio Solution File, Format Version 12.00
# Visual Studio 15
VisualStudioVersion = 15.0.28307.1525
MinimumVisualStudioVersion = 10.0.40219.1
Project("{262852C6-CD72-467D-83FE-5EEB1973A190}") = "BlankCordovaApp1", "BlankCordovaApp1\BlankCordovaApp1.jsproj", "{1B6337D7-AA23-43BE-8C03-D0D44BFBD0AD}"
EndProject
Global
	GlobalSection(SolutionConfigurationPlatforms) = preSolution
		Debug|Android = Debug|Android
		Debug|iOS = Debug|iOS
		Debug|Windows-ARM = Debug|Windows-ARM
		Debug|Windows-x64 = Debug|Windows-x64
		Debug|Windows-x86 = Debug|Windows-x86
		Release|Android = Release|Android
		Release|iOS = Release|iOS
		Release|Windows-ARM = Release|Windows-ARM
		Release|Windows-x64 = Release|Windows-x64
		Release|Windows-x86 = Release|Windows-x86
	EndGlobalSection
	GlobalSection(ProjectConfigurationPlatforms) = postSolution
		{1B6337D7-AA23-43BE-8C03-D0D44BFBD0AD}.Debug|Android.ActiveCfg = Debug|Android
		{1B6337D7-AA23-43BE-8C03-D0D44BFBD0AD}.Debug|Android.Build.0 = Debug|Android
		{1B6337D7-AA23-43BE-8C03-D0D44BFBD0AD}.Debug|Android.Deploy.0 = Debug|Android
		{1B6337D7-AA23-43BE-8C03-D0D44BFBD0AD}.Debug|iOS.ActiveCfg = Debug|iOS
		{1B6337D7-AA23-43BE-8C03-D0D44BFBD0AD}.Debug|iOS.Build.0 = Debug|iOS
		{1B6337D7-AA23-43BE-8C03-D0D44BFBD0AD}.Debug|iOS.Deploy.0 = Debug|iOS
		{1B6337D7-AA23-43BE-8C03-D0D44BFBD0AD}.Debug|Windows-ARM.ActiveCfg = Debug|Windows-ARM
		{1B6337D7-AA23-43BE-8C03-D0D44BFBD0AD}.Debug|Windows-ARM.Build.0 = Debug|Windows-ARM
		{1B6337D7-AA23-43BE-8C03-D0D44BFBD0AD}.Debug|Windows-ARM.Deploy.0 = Debug|Windows-ARM
		{1B6337D7-AA23-43BE-8C03-D0D44BFBD0AD}.Debug|Windows-x64.ActiveCfg = Debug|Windows-x64
		{1B6337D7-AA23-43BE-8C03-D0D44BFBD0AD}.Debug|Windows-x64.Build.0 = Debug|Windows-x64
		{1B6337D7-AA23-43BE-8C03-D0D44BFBD0AD}.Debug|Windows-x64.Deploy.0 = Debug|Windows-x64
		{1B6337D7-AA23-43BE-8C03-D0D44BFBD0AD}.Debug|Windows-x86.ActiveCfg = Debug|Windows-x86
		{1B6337D7-AA23-43BE-8C03-D0D44BFBD0AD}.Debug|Windows-x86.Build.0 = Debug|Windows-x86
		{1B6337D7-AA23-43BE-8C03-D0D44BFBD0AD}.Debug|Windows-x86.Deploy.0 = Debug|Windows-x86
		{1B6337D7-AA23-43BE-8C03-D0D44BFBD0AD}.Release|Android.ActiveCfg = Release|Android
		{1B6337D7-AA23-43BE-8C03-D0D44BFBD0AD}.Release|Android.Build.0 = Release|Android
		{1B6337D7-AA23-43BE-8C03-D0D44BFBD0AD}.Release|Android.Deploy.0 = Release|Android
		{1B6337D7-AA23-43BE-8C03-D0D44BFBD0AD}.Release|iOS.ActiveCfg = Release|iOS
		{1B6337D7-AA23-43BE-8C03-D0D44BFBD0AD}.Release|iOS.Build.0 = Release|iOS
		{1B6337D7-AA23-43BE-8C03-D0D44BFBD0AD}.Release|iOS.Deploy.0 = Release|iOS
		{1B6337D7-AA23-43BE-8C03-D0D44BFBD0AD}.Release|Windows-ARM.ActiveCfg = Release|Windows-ARM
		{1B6337D7-AA23-43BE-8C03-D0D44BFBD0AD}.Release|Windows-ARM.Build.0 = Release|Windows-ARM
		{1B6337D7-AA23-43BE-8C03-D0D44BFBD0AD}.Release|Windows-ARM.Deploy.0 = Release|Windows-ARM
		{1B6337D7-AA23-43BE-8C03-D0D44BFBD0AD}.Release|Windows-x64.ActiveCfg = Release|Windows-x64
		{1B6337D7-AA23-43BE-8C03-D0D44BFBD0AD}.Release|Windows-x64.Build.0 = Release|Windows-x64
		{1B6337D7-AA23-43BE-8C03-D0D44BFBD0AD}.Release|Windows-x64.Deploy.0 = Release|Windows-x64
		{1B6337D7-AA23-43BE-8C03-D0D44BFBD0AD}.Release|Windows-x86.ActiveCfg = Release|Windows-x86
		{1B6337D7-AA23-43BE-8C03-D0D44BFBD0AD}.Release|Windows-x86.Build.0 = Release|Windows-x86
		{1B6337D7-AA23-43BE-8C03-D0D44BFBD0AD}.Release|Windows-x86.Deploy.0 = Release|Windows-x86
	EndGlobalSection
	GlobalSection(SolutionProperties) = preSolution
		HideSolutionNode = FALSE
	EndGlobalSection
	GlobalSection(ExtensibilityGlobals) = postSolution
		SolutionGuid = {329FA972-775B-4B9C-88BA-550FBE4C8216}
	EndGlobalSection
EndGlobal
